NeoBundleLock CamelCaseMotion 3ae9bf93cce28ddc1f2776999ad516e153769ea4
NeoBundleLock Recover.vim f6c403331ec2a082744e0f182d231deb41672683
NeoBundleLock ack.vim b9ceb0f9eec504e18b67f43ab9c6ba2bd5b80c2d
NeoBundleLock changesPlugin ab2155ba90551fc260548236e413aae2ea79d909
NeoBundleLock javascript-libraries-syntax.vim 13f752fc7c0ba933c622bc462a924d14d5348530
NeoBundleLock microviche 5525f51953839230cafd6e07d9e17ca3f8bd37d9
NeoBundleLock neobundle.vim 9c62a8fcf9eb42d3956c703943c99f06a63112e6
NeoBundleLock neocomplcache 778181767467b8f8016828898779a646074d883a
NeoBundleLock neosnippet d373e1451e187318b5da387a50990ebb65e27587
NeoBundleLock neosnippet-snippets 34dec3c984bcae52a871d6d0954030cb23802305
NeoBundleLock nerdcommenter fdc611c8f4dbb5bed57fe95d076cf82e9bcb5e7d
NeoBundleLock nerdtree 29cf96e45b4830a9a2351514fe102bb7a95a27d5
NeoBundleLock nerdtree-git-plugin 080ba34228baf2e3e640b71571ed2c8451814e01
NeoBundleLock nginx-vim-syntax 8dffab7043185482414ac9c4d7041e26d77cb898
NeoBundleLock rainbow_parentheses.vim eb8baa5428bde10ecc1cb14eed1d6e16f5f24695
NeoBundleLock scratch.vim 1644a567c103c71e2f91bc9a362e906c515d6e4a
NeoBundleLock scss-syntax.vim 4461789d02f81fd328afbdf27d6404b6c763c25f
NeoBundleLock supertab 66511772a430a5eaad7f7d03dbb02e8f33c4a641
NeoBundleLock svnblame.vim a23bc3007dd4b6b4f3a56383c5d2f2562e8d4eed
NeoBundleLock tabular 00e1e7fcdbc6d753e0bc8043e0d2546fa81bf367
NeoBundleLock unite-outline 962aaa61d5585634c15c3a7071df7c6a12c5e3cd
NeoBundleLock unite-tag 478585124a52bea51344bc61f4b9a85a791591ac
NeoBundleLock unite.vim db619c208bd0f75f0e5ee3db2ed029cd52020585
NeoBundleLock vCoolor.vim a423ada66a3af4fcbbc6cae1f41e3fac05c76a6f
NeoBundleLock vim-airline c0589223586707debcd88c21f20ad4928a1bf2eb
NeoBundleLock vim-align 6954094756a195de26d854b8c71fbd7806942618
NeoBundleLock vim-autoswap ab22dab825e67c376d90c70ad120c71b35dde71b
NeoBundleLock vim-buffergator 611966d1ced784d5659c5dc07e984fabd95d917f
NeoBundleLock vim-bundler b42217a20cd4cac5a00096dc4e98d2497c21b3fe
NeoBundleLock vim-colors-solarized 528a59f26d12278698bb946f8fb82a63711eec21
NeoBundleLock vim-cucumber bcb119cf9a6e131d5c9cbb7af3296eb6f2c23151
NeoBundleLock vim-fidget 61def9efbb2cfa39f64cf18a9d1107c9c22ae00a
NeoBundleLock vim-fugitive aac85a268e89a6c8be79341e130ac90256fadbd6
NeoBundleLock vim-gtfo 697a02fe6d32bd8af7c53f1ee72e19640d36e5fe
NeoBundleLock vim-haml 1f2e47c78c2faf90ff419c2f4e1241094844678c
NeoBundleLock vim-indent-guides 018298ead9d3aa9cd3b4ae222f81022a33978b09
NeoBundleLock vim-indexed-search 1d93f47eb4635a09f8b16e317ad65c98af2ee2cc
NeoBundleLock vim-javascript 782cc10782fabe8147fec8251b9df1abe783ff07
NeoBundleLock vim-lengthmatters 74e248378544ac97fb139803b39583001c83d4ef
NeoBundleLock vim-markdown 3c2215bfed1de1251927fbc94b2631ca27c2958f
NeoBundleLock vim-misc 3e6b8fb6f03f13434543ce1f5d24f6a5d3f34f0b
NeoBundleLock vim-nerdtree-ignore 9dff1bb5a1dc33a80aa98862063be23ca22bc920
NeoBundleLock vim-nerdtree-tabs 0decec122e9bb3e9328b01fa20a9650e79cc6ca7
NeoBundleLock vim-over 327a6098536a8a22829e2934f8c2e9ddea781a7c
NeoBundleLock vim-projectionist 372d529d22ac6d2952472438157ee03b7a3fd8ae
NeoBundleLock vim-rails 80e03f766f5f049d6bd8998bd7b25b77ddaa9a1e
NeoBundleLock vim-rake 82ad45543f0d13dfa7d3f59ca4cd54d0e145417f
NeoBundleLock vim-ruby-interpolation f047b56d861c1f860f4f91a78b08c1d48f2dfed7
NeoBundleLock vim-session 9e9a6088f0554f6940c19889d0b2a8f39d13f2bb
NeoBundleLock vim-signature 537651a3a6dac10442f3e5ea2bb55a0bfd3324a6
NeoBundleLock vim-startify 8545f6f553640dc0318582c9749c893f2be3345e
NeoBundleLock vim-surround e49d6c2459e0f5569ff2d533b4df995dd7f98313
NeoBundleLock vim-tmux-navigator e79d4c0c24c43d3ada283b1f5a1b8fa6cf820a70
NeoBundleLock vimproc.vim 25cb83f24edec4aec1e9f1329302235e7a7a7fe0
NeoBundleLock visual-split.vim 87eb85d221b00c039078b473476f19ca15ff6555
