NeoBundleLock CamelCaseMotion 26f896d7e2838ff8f11c97217778fd0a14610a81
NeoBundleLock Recover.vim e28314b8915115258ced937ff9bae2d4b190370d
NeoBundleLock ack.vim b9ceb0f9eec504e18b67f43ab9c6ba2bd5b80c2d
NeoBundleLock javascript-libraries-syntax.vim 9132101724c8adddf6c707b9b5320f69157fc53b
NeoBundleLock microviche 5525f51953839230cafd6e07d9e17ca3f8bd37d9
NeoBundleLock neobundle.vim 88951d60547595606ea0ca8f28f643d2506f2714
NeoBundleLock neocomplcache 778181767467b8f8016828898779a646074d883a
NeoBundleLock neosnippet c179a51f024e27edf4354a52ff8b9fa69c4c803c
NeoBundleLock neosnippet-snippets 4431bf176650696d5a8dd93814812afd0d06212c
NeoBundleLock nerdcommenter 18cfe815501c8264844223a944eb388285b48caa
NeoBundleLock nerdtree eee431dbd44111c858c6d33ffd366cae1f17f8b3
NeoBundleLock nerdtree-git-plugin 1d9e187e76e71466deb14b8b1c546f64f8090a63
NeoBundleLock nginx-vim-syntax 8dffab7043185482414ac9c4d7041e26d77cb898
NeoBundleLock rainbow_parentheses.vim eb8baa5428bde10ecc1cb14eed1d6e16f5f24695
NeoBundleLock scratch.vim 1644a567c103c71e2f91bc9a362e906c515d6e4a
NeoBundleLock scss-syntax.vim 4461789d02f81fd328afbdf27d6404b6c763c25f
NeoBundleLock supertab cdaa5c27c5a7f8b08a43d0b2e65929512299e33a
NeoBundleLock svnblame.vim a23bc3007dd4b6b4f3a56383c5d2f2562e8d4eed
NeoBundleLock swapcol.vim 10b59ab3706609f3f6c41ad8ad678dcbb01bf024
NeoBundleLock tabular 00e1e7fcdbc6d753e0bc8043e0d2546fa81bf367
NeoBundleLock tagbar 1374077676238727a526d74824793a36ef2c0b73
NeoBundleLock unite-tag 478585124a52bea51344bc61f4b9a85a791591ac
NeoBundleLock unite.vim be09b0e5784c4c4c13aefae4f16313696c6f51de
NeoBundleLock vCoolor.vim a423ada66a3af4fcbbc6cae1f41e3fac05c76a6f
NeoBundleLock vim-airline e83ed2408878ddd3bedf07d563b3ec1139a8f5ec
NeoBundleLock vim-align 6954094756a195de26d854b8c71fbd7806942618
NeoBundleLock vim-autoswap ab22dab825e67c376d90c70ad120c71b35dde71b
NeoBundleLock vim-buffergator c07d16dd3df10bbb5adc3e9b009e341bfa1f673e
NeoBundleLock vim-bundler b42217a20cd4cac5a00096dc4e98d2497c21b3fe
NeoBundleLock vim-colors-solarized 528a59f26d12278698bb946f8fb82a63711eec21
NeoBundleLock vim-cucumber bcb119cf9a6e131d5c9cbb7af3296eb6f2c23151
NeoBundleLock vim-fidget 9ae74d8e31e1b61950c87a2d9c2c9b8c0faac24a
NeoBundleLock vim-fugitive b754bc2031f21a532c083dd0d072ba373bbe3a37
NeoBundleLock vim-gtfo be38ca545300b3e024b9314db1553094ba361926
NeoBundleLock vim-haml 1f2e47c78c2faf90ff419c2f4e1241094844678c
NeoBundleLock vim-indent-guides 018298ead9d3aa9cd3b4ae222f81022a33978b09
NeoBundleLock vim-javascript 1cb6f109418f4e18f569ee8953fc96c1e23b456f
NeoBundleLock vim-markdown 3c2215bfed1de1251927fbc94b2631ca27c2958f
NeoBundleLock vim-misc 3e6b8fb6f03f13434543ce1f5d24f6a5d3f34f0b
NeoBundleLock vim-nerdtree-ignore 9dff1bb5a1dc33a80aa98862063be23ca22bc920
NeoBundleLock vim-nerdtree-tabs 5a91230193fea7f9c8d792cb5c635998d868337d
NeoBundleLock vim-over 5114c04f12e6441fe2c1d759af7eb19060f5466c
NeoBundleLock vim-projectionist 372d529d22ac6d2952472438157ee03b7a3fd8ae
NeoBundleLock vim-rails 09ffc844ef959ffe133d0994641ade192531007e
NeoBundleLock vim-rake 82ad45543f0d13dfa7d3f59ca4cd54d0e145417f
NeoBundleLock vim-ruby-interpolation f047b56d861c1f860f4f91a78b08c1d48f2dfed7
NeoBundleLock vim-session 9e9a6088f0554f6940c19889d0b2a8f39d13f2bb
NeoBundleLock vim-signature 7e13913188809c45e14988270213744d1c3bb485
NeoBundleLock vim-startify 8545f6f553640dc0318582c9749c893f2be3345e
NeoBundleLock vim-surround e49d6c2459e0f5569ff2d533b4df995dd7f98313
NeoBundleLock vim-tmux-navigator e79d4c0c24c43d3ada283b1f5a1b8fa6cf820a70
NeoBundleLock vim-transpose bdb00d2aeb3bdf9366f01a3bee4fb142d78278f9
NeoBundleLock vimproc.vim 25cb83f24edec4aec1e9f1329302235e7a7a7fe0
NeoBundleLock visual-split.vim 8d96a6a7a4f804ff7631e212bb03b8a751bc6af7
