NeoBundleLock CamelCaseMotion f3bdefba787d3748d09d4db520403b627abac0c6
NeoBundleLock Recover.vim efa491f6121f65e025f42d79a93081abb8db69d4
NeoBundleLock ack.vim 0a7d28bfb130696f73d122cac99d8903e066c896
NeoBundleLock changesPlugin 4a769ed78c655c9dd1d7bb3cbed83f2c2c8ed1bc
NeoBundleLock javascript-libraries-syntax.vim e2bb72f7f7bd7c4ecf6867ef28ec5c3c3f938298
NeoBundleLock microviche 5525f51953839230cafd6e07d9e17ca3f8bd37d9
NeoBundleLock neobundle.vim ef32bf7170272b6cd61293b3f175825fba8232e2
NeoBundleLock neocomplcache 778181767467b8f8016828898779a646074d883a
NeoBundleLock neosnippet 5867906757fa1baeac8b05f4ff4675cdfbbbf2eb
NeoBundleLock neosnippet-snippets 0dd4b86088c9162492411d4ec40a64fe369c4396
NeoBundleLock nerdcommenter 1f4bfd59920c101a30a74a07b824608a6e65f3fe
NeoBundleLock nerdtree 0b44415a3302030b56755cc1135ca9ca57dc1ada
NeoBundleLock nerdtree-git-plugin 23d5199f0eaee036186f3df8a87ec356905c6a32
NeoBundleLock nginx-vim-syntax 8dffab7043185482414ac9c4d7041e26d77cb898
NeoBundleLock rainbow_parentheses.vim eb8baa5428bde10ecc1cb14eed1d6e16f5f24695
NeoBundleLock scratch.vim 3f969e6ce68ca37c3ea66d7e4dcac1f09a2232dc
NeoBundleLock scss-syntax.vim 35f47ff7473939fdfcf7ba9ce36f0d8fb4bd4142
NeoBundleLock supertab 9f7da6d4988daf863ebc414f221bb12c2614f59e
NeoBundleLock svnblame.vim a23bc3007dd4b6b4f3a56383c5d2f2562e8d4eed
NeoBundleLock tabular 60f25648814f0695eeb6c1040d97adca93c4e0bb
NeoBundleLock unite-outline 962aaa61d5585634c15c3a7071df7c6a12c5e3cd
NeoBundleLock unite-tag 6b2de80e0a1f4e4c5701fdbbc9b868e62062adc8
NeoBundleLock unite.vim 76f8177c1ef87f3fdd57af044f109dc03a4047b4
NeoBundleLock vim-airline 14d14cf951c08fc88ca6c3e6f28fe47b99421e23
NeoBundleLock vim-align 6954094756a195de26d854b8c71fbd7806942618
NeoBundleLock vim-buffergator ed3bfc2b560f687075d9c2225079bfe43f1f2390
NeoBundleLock vim-bundler b42217a20cd4cac5a00096dc4e98d2497c21b3fe
NeoBundleLock vim-colors-solarized 528a59f26d12278698bb946f8fb82a63711eec21
NeoBundleLock vim-cucumber 9b49b42b331c196ad5a10483bb61b2a651b91d2e
NeoBundleLock vim-fidget 95c425c073ddcd1bebe13a5fcd2c0cfb8c68e919
NeoBundleLock vim-fugitive dba8a0705d95cda76d599bb7d09964d67741a5c5
NeoBundleLock vim-gtfo b722e86515049e30061806bf9b21b7eb1e410536
NeoBundleLock vim-haml 5c1189022d217219be6f607e653bb5ad8c2ff6ca
NeoBundleLock vim-indent-guides 49bde6fa30648345ffabfe55b3a095a293568a2e
NeoBundleLock vim-javascript 1d8c2677d26d6b3950b90dc1636e63334c8efc3b
NeoBundleLock vim-markdown 15d19778a3be4ab3f949cba636d53a87e2c03f29
NeoBundleLock vim-misc 3e6b8fb6f03f13434543ce1f5d24f6a5d3f34f0b
NeoBundleLock vim-nerdtree-ignore 9dff1bb5a1dc33a80aa98862063be23ca22bc920
NeoBundleLock vim-nerdtree-tabs 0decec122e9bb3e9328b01fa20a9650e79cc6ca7
NeoBundleLock vim-over 0d99be7953f85c63eb4c904020eba9ce72f43e73
NeoBundleLock vim-projectionist 372d529d22ac6d2952472438157ee03b7a3fd8ae
NeoBundleLock vim-rails e25769a7f42d86b38d6ee87350ff2f6a37e68258
NeoBundleLock vim-rake 82ad45543f0d13dfa7d3f59ca4cd54d0e145417f
NeoBundleLock vim-ruby-interpolation f047b56d861c1f860f4f91a78b08c1d48f2dfed7
NeoBundleLock vim-session 9e9a6088f0554f6940c19889d0b2a8f39d13f2bb
NeoBundleLock vim-signature d563023386183c96cebd7487856724fc79514058
NeoBundleLock vim-startify 6f886cdc48cf34c50eb723abca2f813a5de2c11b
NeoBundleLock vim-surround 2d05440ad23f97a7874ebd9b5de3a0e65d25d85c
NeoBundleLock vim-tmux-navigator 754871fc6e523133921cb4f72b26111ff61cd7dd
NeoBundleLock vimproc.vim c40f7e77e6ff0586ff6951e7cf479b3dc81bb69d
